// !$*UTF8*$!
{
	archiveVersion = 1;
	classes = {
	};
	objectVersion = 46;
	objects = {

/* Begin PBXBuildFile section */
		5D0188B51E81D03A00274874 /* AppDelegate.swift in Sources */ = {isa = PBXBuildFile; fileRef = 5D0188B41E81D03A00274874 /* AppDelegate.swift */; };
		5D0188B71E81D03A00274874 /* ViewController.swift in Sources */ = {isa = PBXBuildFile; fileRef = 5D0188B61E81D03A00274874 /* ViewController.swift */; };
		5D0188BA1E81D03A00274874 /* Main.storyboard in Resources */ = {isa = PBXBuildFile; fileRef = 5D0188B81E81D03A00274874 /* Main.storyboard */; };
		5D0188BC1E81D03A00274874 /* Assets.xcassets in Resources */ = {isa = PBXBuildFile; fileRef = 5D0188BB1E81D03A00274874 /* Assets.xcassets */; };
		5D0188BF1E81D03A00274874 /* LaunchScreen.storyboard in Resources */ = {isa = PBXBuildFile; fileRef = 5D0188BD1E81D03A00274874 /* LaunchScreen.storyboard */; };
		5D0188C81E81D06800274874 /* AZSClient.framework in Frameworks */ = {isa = PBXBuildFile; fileRef = 5D0188C71E81D06800274874 /* AZSClient.framework */; };
		5D0188CB1E81D0C900274874 /* libxml2.2.tbd in Frameworks */ = {isa = PBXBuildFile; fileRef = 5D0188CA1E81D0C900274874 /* libxml2.2.tbd */; };
		5D4385A91E830E4D00C5C667 /* ContainerBrowser.swift in Sources */ = {isa = PBXBuildFile; fileRef = 5D4385A81E830E4D00C5C667 /* ContainerBrowser.swift */; };
		5D4385AB1E83353B00C5C667 /* MicrosoftAzureMobile.framework in Frameworks */ = {isa = PBXBuildFile; fileRef = 5D4385AA1E83353B00C5C667 /* MicrosoftAzureMobile.framework */; };
		5D4385AD1E83360900C5C667 /* WebKit.framework in Frameworks */ = {isa = PBXBuildFile; fileRef = 5D4385AC1E83360900C5C667 /* WebKit.framework */; };
		5D4385AF1E83369D00C5C667 /* Security.framework in Frameworks */ = {isa = PBXBuildFile; fileRef = 5D4385AE1E83369D00C5C667 /* Security.framework */; };
		5D4385B11E8336A500C5C667 /* SafariServices.framework in Frameworks */ = {isa = PBXBuildFile; fileRef = 5D4385B01E8336A500C5C667 /* SafariServices.framework */; };
/* End PBXBuildFile section */

/* Begin PBXFileReference section */
		5D0188B11E81D03A00274874 /* Boot4Practica.app */ = {isa = PBXFileReference; explicitFileType = wrapper.application; includeInIndex = 0; path = Boot4Practica.app; sourceTree = BUILT_PRODUCTS_DIR; };
		5D0188B41E81D03A00274874 /* AppDelegate.swift */ = {isa = PBXFileReference; lastKnownFileType = sourcecode.swift; path = AppDelegate.swift; sourceTree = "<group>"; };
		5D0188B61E81D03A00274874 /* ViewController.swift */ = {isa = PBXFileReference; lastKnownFileType = sourcecode.swift; path = ViewController.swift; sourceTree = "<group>"; };
		5D0188B91E81D03A00274874 /* Base */ = {isa = PBXFileReference; lastKnownFileType = file.storyboard; name = Base; path = Base.lproj/Main.storyboard; sourceTree = "<group>"; };
		5D0188BB1E81D03A00274874 /* Assets.xcassets */ = {isa = PBXFileReference; lastKnownFileType = folder.assetcatalog; path = Assets.xcassets; sourceTree = "<group>"; };
		5D0188BE1E81D03A00274874 /* Base */ = {isa = PBXFileReference; lastKnownFileType = file.storyboard; name = Base; path = Base.lproj/LaunchScreen.storyboard; sourceTree = "<group>"; };
		5D0188C01E81D03A00274874 /* Info.plist */ = {isa = PBXFileReference; lastKnownFileType = text.plist.xml; path = Info.plist; sourceTree = "<group>"; };
		5D0188C71E81D06800274874 /* AZSClient.framework */ = {isa = PBXFileReference; lastKnownFileType = wrapper.framework; path = AZSClient.framework; sourceTree = "<group>"; };
		5D0188CA1E81D0C900274874 /* libxml2.2.tbd */ = {isa = PBXFileReference; lastKnownFileType = "sourcecode.text-based-dylib-definition"; name = libxml2.2.tbd; path = usr/lib/libxml2.2.tbd; sourceTree = SDKROOT; };
		5D0188CC1E81D1CC00274874 /* Boot4Practica-Bridging-Header.h */ = {isa = PBXFileReference; lastKnownFileType = sourcecode.c.h; path = "Boot4Practica-Bridging-Header.h"; sourceTree = "<group>"; };
		5D4385A81E830E4D00C5C667 /* ContainerBrowser.swift */ = {isa = PBXFileReference; fileEncoding = 4; lastKnownFileType = sourcecode.swift; path = ContainerBrowser.swift; sourceTree = "<group>"; };
		5D4385AA1E83353B00C5C667 /* MicrosoftAzureMobile.framework */ = {isa = PBXFileReference; lastKnownFileType = wrapper.framework; path = MicrosoftAzureMobile.framework; sourceTree = "<group>"; };
		5D4385AC1E83360900C5C667 /* WebKit.framework */ = {isa = PBXFileReference; lastKnownFileType = wrapper.framework; name = WebKit.framework; path = System/Library/Frameworks/WebKit.framework; sourceTree = SDKROOT; };
		5D4385AE1E83369D00C5C667 /* Security.framework */ = {isa = PBXFileReference; lastKnownFileType = wrapper.framework; name = Security.framework; path = System/Library/Frameworks/Security.framework; sourceTree = SDKROOT; };
		5D4385B01E8336A500C5C667 /* SafariServices.framework */ = {isa = PBXFileReference; lastKnownFileType = wrapper.framework; name = SafariServices.framework; path = System/Library/Frameworks/SafariServices.framework; sourceTree = SDKROOT; };
/* End PBXFileReference section */

/* Begin PBXFrameworksBuildPhase section */
		5D0188AE1E81D03A00274874 /* Frameworks */ = {
			isa = PBXFrameworksBuildPhase;
			buildActionMask = 2147483647;
			files = (
				5D4385B11E8336A500C5C667 /* SafariServices.framework in Frameworks */,
				5D4385AF1E83369D00C5C667 /* Security.framework in Frameworks */,
				5D4385AD1E83360900C5C667 /* WebKit.framework in Frameworks */,
				5D0188CB1E81D0C900274874 /* libxml2.2.tbd in Frameworks */,
				5D4385AB1E83353B00C5C667 /* MicrosoftAzureMobile.framework in Frameworks */,
				5D0188C81E81D06800274874 /* AZSClient.framework in Frameworks */,
			);
			runOnlyForDeploymentPostprocessing = 0;
		};
/* End PBXFrameworksBuildPhase section */

/* Begin PBXGroup section */
		5D0188A81E81D03A00274874 = {
			isa = PBXGroup;
			children = (
				5D0188C61E81D04500274874 /* Frameworks 3party */,
				5D0188B31E81D03A00274874 /* Boot4Practica */,
				5D0188B21E81D03A00274874 /* Products */,
				5D0188C91E81D0C900274874 /* Frameworks */,
			);
			sourceTree = "<group>";
		};
		5D0188B21E81D03A00274874 /* Products */ = {
			isa = PBXGroup;
			children = (
				5D0188B11E81D03A00274874 /* Boot4Practica.app */,
			);
			name = Products;
			sourceTree = "<group>";
		};
		5D0188B31E81D03A00274874 /* Boot4Practica */ = {
			isa = PBXGroup;
			children = (
				5D0188B41E81D03A00274874 /* AppDelegate.swift */,
				5D4385A71E830E1200C5C667 /* ViewControllers */,
				5D0188B81E81D03A00274874 /* Main.storyboard */,
				5D0188BB1E81D03A00274874 /* Assets.xcassets */,
				5D0188BD1E81D03A00274874 /* LaunchScreen.storyboard */,
				5D0188C01E81D03A00274874 /* Info.plist */,
				5D0188CC1E81D1CC00274874 /* Boot4Practica-Bridging-Header.h */,
			);
			path = Boot4Practica;
			sourceTree = "<group>";
		};
		5D0188C61E81D04500274874 /* Frameworks 3party */ = {
			isa = PBXGroup;
			children = (
				5D4385AA1E83353B00C5C667 /* MicrosoftAzureMobile.framework */,
				5D0188C71E81D06800274874 /* AZSClient.framework */,
			);
			name = "Frameworks 3party";
			sourceTree = "<group>";
		};
		5D0188C91E81D0C900274874 /* Frameworks */ = {
			isa = PBXGroup;
			children = (
				5D4385B01E8336A500C5C667 /* SafariServices.framework */,
				5D4385AE1E83369D00C5C667 /* Security.framework */,
				5D4385AC1E83360900C5C667 /* WebKit.framework */,
				5D0188CA1E81D0C900274874 /* libxml2.2.tbd */,
			);
			name = Frameworks;
			sourceTree = "<group>";
		};
		5D4385A71E830E1200C5C667 /* ViewControllers */ = {
			isa = PBXGroup;
			children = (
				5D0188B61E81D03A00274874 /* ViewController.swift */,
				5D4385A81E830E4D00C5C667 /* ContainerBrowser.swift */,
			);
			name = ViewControllers;
			sourceTree = "<group>";
		};
/* End PBXGroup section */

/* Begin PBXNativeTarget section */
		5D0188B01E81D03A00274874 /* Boot4Practica */ = {
			isa = PBXNativeTarget;
			buildConfigurationList = 5D0188C31E81D03A00274874 /* Build configuration list for PBXNativeTarget "Boot4Practica" */;
			buildPhases = (
				5D0188AD1E81D03A00274874 /* Sources */,
				5D0188AE1E81D03A00274874 /* Frameworks */,
				5D0188AF1E81D03A00274874 /* Resources */,
			);
			buildRules = (
			);
			dependencies = (
			);
			name = Boot4Practica;
			productName = Boot4Practica;
			productReference = 5D0188B11E81D03A00274874 /* Boot4Practica.app */;
			productType = "com.apple.product-type.application";
		};
/* End PBXNativeTarget section */

/* Begin PBXProject section */
		5D0188A91E81D03A00274874 /* Project object */ = {
			isa = PBXProject;
			attributes = {
				LastSwiftUpdateCheck = 0820;
				LastUpgradeCheck = 0820;
				ORGANIZATIONNAME = COM;
				TargetAttributes = {
					5D0188B01E81D03A00274874 = {
						CreatedOnToolsVersion = 8.2.1;
						DevelopmentTeam = 8Z8X9YVPSZ;
						LastSwiftMigration = 0820;
						ProvisioningStyle = Automatic;
					};
				};
			};
			buildConfigurationList = 5D0188AC1E81D03A00274874 /* Build configuration list for PBXProject "Boot4Practica" */;
			compatibilityVersion = "Xcode 3.2";
			developmentRegion = English;
			hasScannedForEncodings = 0;
			knownRegions = (
				en,
				Base,
			);
			mainGroup = 5D0188A81E81D03A00274874;
			productRefGroup = 5D0188B21E81D03A00274874 /* Products */;
			projectDirPath = "";
			projectRoot = "";
			targets = (
				5D0188B01E81D03A00274874 /* Boot4Practica */,
			);
		};
/* End PBXProject section */

/* Begin PBXResourcesBuildPhase section */
		5D0188AF1E81D03A00274874 /* Resources */ = {
			isa = PBXResourcesBuildPhase;
			buildActionMask = 2147483647;
			files = (
				5D0188BF1E81D03A00274874 /* LaunchScreen.storyboard in Resources */,
				5D0188BC1E81D03A00274874 /* Assets.xcassets in Resources */,
				5D0188BA1E81D03A00274874 /* Main.storyboard in Resources */,
			);
			runOnlyForDeploymentPostprocessing = 0;
		};
/* End PBXResourcesBuildPhase section */

/* Begin PBXSourcesBuildPhase section */
		5D0188AD1E81D03A00274874 /* Sources */ = {
			isa = PBXSourcesBuildPhase;
			buildActionMask = 2147483647;
			files = (
				5D0188B71E81D03A00274874 /* ViewController.swift in Sources */,
				5D0188B51E81D03A00274874 /* AppDelegate.swift in Sources */,
				5D4385A91E830E4D00C5C667 /* ContainerBrowser.swift in Sources */,
			);
			runOnlyForDeploymentPostprocessing = 0;
		};
/* End PBXSourcesBuildPhase section */

/* Begin PBXVariantGroup section */
		5D0188B81E81D03A00274874 /* Main.storyboard */ = {
			isa = PBXVariantGroup;
			children = (
				5D0188B91E81D03A00274874 /* Base */,
			);
			name = Main.storyboard;
			sourceTree = "<group>";
		};
		5D0188BD1E81D03A00274874 /* LaunchScreen.storyboard */ = {
			isa = PBXVariantGroup;
			children = (
				5D0188BE1E81D03A00274874 /* Base */,
			);
			name = LaunchScreen.storyboard;
			sourceTree = "<group>";
		};
/* End PBXVariantGroup section */

/* Begin XCBuildConfiguration section */
		5D0188C11E81D03A00274874 /* Debug */ = {
			isa = XCBuildConfiguration;
			buildSettings = {
				ALWAYS_SEARCH_USER_PATHS = NO;
				CLANG_ANALYZER_NONNULL = YES;
				CLANG_CXX_LANGUAGE_STANDARD = "gnu++0x";
				CLANG_CXX_LIBRARY = "libc++";
				CLANG_ENABLE_MODULES = YES;
				CLANG_ENABLE_OBJC_ARC = YES;
				CLANG_WARN_BOOL_CONVERSION = YES;
				CLANG_WARN_CONSTANT_CONVERSION = YES;
				CLANG_WARN_DIRECT_OBJC_ISA_USAGE = YES_ERROR;
				CLANG_WARN_DOCUMENTATION_COMMENTS = YES;
				CLANG_WARN_EMPTY_BODY = YES;
				CLANG_WARN_ENUM_CONVERSION = YES;
				CLANG_WARN_INFINITE_RECURSION = YES;
				CLANG_WARN_INT_CONVERSION = YES;
				CLANG_WARN_OBJC_ROOT_CLASS = YES_ERROR;
				CLANG_WARN_SUSPICIOUS_MOVE = YES;
				CLANG_WARN_UNREACHABLE_CODE = YES;
				CLANG_WARN__DUPLICATE_METHOD_MATCH = YES;
				"CODE_SIGN_IDENTITY[sdk=iphoneos*]" = "iPhone Developer";
				COPY_PHASE_STRIP = NO;
				DEBUG_INFORMATION_FORMAT = dwarf;
				ENABLE_STRICT_OBJC_MSGSEND = YES;
				ENABLE_TESTABILITY = YES;
				GCC_C_LANGUAGE_STANDARD = gnu99;
				GCC_DYNAMIC_NO_PIC = NO;
				GCC_NO_COMMON_BLOCKS = YES;
				GCC_OPTIMIZATION_LEVEL = 0;
				GCC_PREPROCESSOR_DEFINITIONS = (
					"DEBUG=1",
					"$(inherited)",
				);
				GCC_WARN_64_TO_32_BIT_CONVERSION = YES;
				GCC_WARN_ABOUT_RETURN_TYPE = YES_ERROR;
				GCC_WARN_UNDECLARED_SELECTOR = YES;
				GCC_WARN_UNINITIALIZED_AUTOS = YES_AGGRESSIVE;
				GCC_WARN_UNUSED_FUNCTION = YES;
				GCC_WARN_UNUSED_VARIABLE = YES;
				IPHONEOS_DEPLOYMENT_TARGET = 10.2;
				MTL_ENABLE_DEBUG_INFO = YES;
				ONLY_ACTIVE_ARCH = YES;
				SDKROOT = iphoneos;
				SWIFT_ACTIVE_COMPILATION_CONDITIONS = DEBUG;
				SWIFT_OPTIMIZATION_LEVEL = "-Onone";
				TARGETED_DEVICE_FAMILY = "1,2";
			};
			name = Debug;
		};
		5D0188C21E81D03A00274874 /* Release */ = {
			isa = XCBuildConfiguration;
			buildSettings = {
				ALWAYS_SEARCH_USER_PATHS = NO;
				CLANG_ANALYZER_NONNULL = YES;
				CLANG_CXX_LANGUAGE_STANDARD = "gnu++0x";
				CLANG_CXX_LIBRARY = "libc++";
				CLANG_ENABLE_MODULES = YES;
				CLANG_ENABLE_OBJC_ARC = YES;
				CLANG_WARN_BOOL_CONVERSION = YES;
				CLANG_WARN_CONSTANT_CONVERSION = YES;
				CLANG_WARN_DIRECT_OBJC_ISA_USAGE = YES_ERROR;
				CLANG_WARN_DOCUMENTATION_COMMENTS = YES;
				CLANG_WARN_EMPTY_BODY = YES;
				CLANG_WARN_ENUM_CONVERSION = YES;
				CLANG_WARN_INFINITE_RECURSION = YES;
				CLANG_WARN_INT_CONVERSION = YES;
				CLANG_WARN_OBJC_ROOT_CLASS = YES_ERROR;
				CLANG_WARN_SUSPICIOUS_MOVE = YES;
				CLANG_WARN_UNREACHABLE_CODE = YES;
				CLANG_WARN__DUPLICATE_METHOD_MATCH = YES;
				"CODE_SIGN_IDENTITY[sdk=iphoneos*]" = "iPhone Developer";
				COPY_PHASE_STRIP = NO;
				DEBUG_INFORMATION_FORMAT = "dwarf-with-dsym";
				ENABLE_NS_ASSERTIONS = NO;
				ENABLE_STRICT_OBJC_MSGSEND = YES;
				GCC_C_LANGUAGE_STANDARD = gnu99;
				GCC_NO_COMMON_BLOCKS = YES;
				GCC_WARN_64_TO_32_BIT_CONVERSION = YES;
				GCC_WARN_ABOUT_RETURN_TYPE = YES_ERROR;
				GCC_WARN_UNDECLARED_SELECTOR = YES;
				GCC_WARN_UNINITIALIZED_AUTOS = YES_AGGRESSIVE;
				GCC_WARN_UNUSED_FUNCTION = YES;
				GCC_WARN_UNUSED_VARIABLE = YES;
				IPHONEOS_DEPLOYMENT_TARGET = 10.2;
				MTL_ENABLE_DEBUG_INFO = NO;
				SDKROOT = iphoneos;
				SWIFT_OPTIMIZATION_LEVEL = "-Owholemodule";
				TARGETED_DEVICE_FAMILY = "1,2";
				VALIDATE_PRODUCT = YES;
			};
			name = Release;
		};
		5D0188C41E81D03A00274874 /* Debug */ = {
			isa = XCBuildConfiguration;
			buildSettings = {
				ASSETCATALOG_COMPILER_APPICON_NAME = AppIcon;
				CLANG_ENABLE_MODULES = YES;
				DEVELOPMENT_TEAM = 8Z8X9YVPSZ;
				FRAMEWORK_SEARCH_PATHS = (
					"$(inherited)",
					"$(PROJECT_DIR)",
				);
				INFOPLIST_FILE = Boot4Practica/Info.plist;
				LD_RUNPATH_SEARCH_PATHS = "$(inherited) @executable_path/Frameworks";
				PRODUCT_BUNDLE_IDENTIFIER = io.com.Boot4Practica;
				PRODUCT_NAME = "$(TARGET_NAME)";
				SWIFT_OBJC_BRIDGING_HEADER = "Boot4Practica/Boot4Practica-Bridging-Header.h";
				SWIFT_OPTIMIZATION_LEVEL = "-Onone";
				SWIFT_VERSION = 3.0;
			};
			name = Debug;
		};
		5D0188C51E81D03A00274874 /* Release */ = {
			isa = XCBuildConfiguration;
			buildSettings = {
				ASSETCATALOG_COMPILER_APPICON_NAME = AppIcon;
				CLANG_ENABLE_MODULES = YES;
				DEVELOPMENT_TEAM = 8Z8X9YVPSZ;
				FRAMEWORK_SEARCH_PATHS = (
					"$(inherited)",
					"$(PROJECT_DIR)",
				);
				INFOPLIST_FILE = Boot4Practica/Info.plist;
				LD_RUNPATH_SEARCH_PATHS = "$(inherited) @executable_path/Frameworks";
				PRODUCT_BUNDLE_IDENTIFIER = io.com.Boot4Practica;
				PRODUCT_NAME = "$(TARGET_NAME)";
				SWIFT_OBJC_BRIDGING_HEADER = "Boot4Practica/Boot4Practica-Bridging-Header.h";
				SWIFT_VERSION = 3.0;
			};
			name = Release;
		};
/* End XCBuildConfiguration section */

/* Begin XCConfigurationList section */
		5D0188AC1E81D03A00274874 /* Build configuration list for PBXProject "Boot4Practica" */ = {
			isa = XCConfigurationList;
			buildConfigurations = (
				5D0188C11E81D03A00274874 /* Debug */,
				5D0188C21E81D03A00274874 /* Release */,
			);
			defaultConfigurationIsVisible = 0;
			defaultConfigurationName = Release;
		};
		5D0188C31E81D03A00274874 /* Build configuration list for PBXNativeTarget "Boot4Practica" */ = {
			isa = XCConfigurationList;
			buildConfigurations = (
				5D0188C41E81D03A00274874 /* Debug */,
				5D0188C51E81D03A00274874 /* Release */,
			);
			defaultConfigurationIsVisible = 0;
			defaultConfigurationName = Release;
		};
/* End XCConfigurationList section */
	};
	rootObject = 5D0188A91E81D03A00274874 /* Project object */;
}
